// !$*UTF8*$!
{
	archiveVersion = 1;
	classes = {
	};
	objectVersion = 46;
	objects = {

/* Begin PBXBuildFile section */
		8DFF30A662929670E86C54B8 /* Pods_ForismaticApp.framework in Frameworks */ = {isa = PBXBuildFile; fileRef = 512C9BD262EC5EDE6BA36E6B /* Pods_ForismaticApp.framework */; };
		972B37ED1E09C09C0086A980 /* AppDelegate.swift in Sources */ = {isa = PBXBuildFile; fileRef = 972B37EC1E09C09C0086A980 /* AppDelegate.swift */; };
		972B37EF1E09C09C0086A980 /* ViewController.swift in Sources */ = {isa = PBXBuildFile; fileRef = 972B37EE1E09C09C0086A980 /* ViewController.swift */; };
		972B37F21E09C09C0086A980 /* Main.storyboard in Resources */ = {isa = PBXBuildFile; fileRef = 972B37F01E09C09C0086A980 /* Main.storyboard */; };
		972B37F41E09C09C0086A980 /* Assets.xcassets in Resources */ = {isa = PBXBuildFile; fileRef = 972B37F31E09C09C0086A980 /* Assets.xcassets */; };
		972B37F71E09C09C0086A980 /* LaunchScreen.storyboard in Resources */ = {isa = PBXBuildFile; fileRef = 972B37F51E09C09C0086A980 /* LaunchScreen.storyboard */; };
/* End PBXBuildFile section */

/* Begin PBXFileReference section */
		3CB41319128120F355584A52 /* Pods-ForismaticApp.debug.xcconfig */ = {isa = PBXFileReference; includeInIndex = 1; lastKnownFileType = text.xcconfig; name = "Pods-ForismaticApp.debug.xcconfig"; path = "Pods/Target Support Files/Pods-ForismaticApp/Pods-ForismaticApp.debug.xcconfig"; sourceTree = "<group>"; };
		512C9BD262EC5EDE6BA36E6B /* Pods_ForismaticApp.framework */ = {isa = PBXFileReference; explicitFileType = wrapper.framework; includeInIndex = 0; path = Pods_ForismaticApp.framework; sourceTree = BUILT_PRODUCTS_DIR; };
		972B37E91E09C09C0086A980 /* ForismaticApp.app */ = {isa = PBXFileReference; explicitFileType = wrapper.application; includeInIndex = 0; path = ForismaticApp.app; sourceTree = BUILT_PRODUCTS_DIR; };
		972B37EC1E09C09C0086A980 /* AppDelegate.swift */ = {isa = PBXFileReference; lastKnownFileType = sourcecode.swift; path = AppDelegate.swift; sourceTree = "<group>"; };
		972B37EE1E09C09C0086A980 /* ViewController.swift */ = {isa = PBXFileReference; lastKnownFileType = sourcecode.swift; path = ViewController.swift; sourceTree = "<group>"; };
		972B37F11E09C09C0086A980 /* Base */ = {isa = PBXFileReference; lastKnownFileType = file.storyboard; name = Base; path = Base.lproj/Main.storyboard; sourceTree = "<group>"; };
		972B37F31E09C09C0086A980 /* Assets.xcassets */ = {isa = PBXFileReference; lastKnownFileType = folder.assetcatalog; path = Assets.xcassets; sourceTree = "<group>"; };
		972B37F61E09C09C0086A980 /* Base */ = {isa = PBXFileReference; lastKnownFileType = file.storyboard; name = Base; path = Base.lproj/LaunchScreen.storyboard; sourceTree = "<group>"; };
		972B37F81E09C09C0086A980 /* Info.plist */ = {isa = PBXFileReference; lastKnownFileType = text.plist.xml; path = Info.plist; sourceTree = "<group>"; };
		B09A18510C7D9906009F327F /* Pods-ForismaticApp.release.xcconfig */ = {isa = PBXFileReference; includeInIndex = 1; lastKnownFileType = text.xcconfig; name = "Pods-ForismaticApp.release.xcconfig"; path = "Pods/Target Support Files/Pods-ForismaticApp/Pods-ForismaticApp.release.xcconfig"; sourceTree = "<group>"; };
/* End PBXFileReference section */

/* Begin PBXFrameworksBuildPhase section */
		972B37E61E09C09B0086A980 /* Frameworks */ = {
			isa = PBXFrameworksBuildPhase;
			buildActionMask = 2147483647;
			files = (
				8DFF30A662929670E86C54B8 /* Pods_ForismaticApp.framework in Frameworks */,
			);
			runOnlyForDeploymentPostprocessing = 0;
		};
/* End PBXFrameworksBuildPhase section */

/* Begin PBXGroup section */
		1607DBAB93F4E13C52F75663 /* Pods */ = {
			isa = PBXGroup;
			children = (
				3CB41319128120F355584A52 /* Pods-ForismaticApp.debug.xcconfig */,
				B09A18510C7D9906009F327F /* Pods-ForismaticApp.release.xcconfig */,
			);
			name = Pods;
			sourceTree = "<group>";
		};
		7D9D8BBAFA1B90CEF3CE7BB1 /* Frameworks */ = {
			isa = PBXGroup;
			children = (
				512C9BD262EC5EDE6BA36E6B /* Pods_ForismaticApp.framework */,
			);
			name = Frameworks;
			sourceTree = "<group>";
		};
		972B37E01E09C09B0086A980 = {
			isa = PBXGroup;
			children = (
				972B37EB1E09C09C0086A980 /* ForismaticApp */,
				972B37EA1E09C09C0086A980 /* Products */,
				1607DBAB93F4E13C52F75663 /* Pods */,
				7D9D8BBAFA1B90CEF3CE7BB1 /* Frameworks */,
			);
			sourceTree = "<group>";
		};
		972B37EA1E09C09C0086A980 /* Products */ = {
			isa = PBXGroup;
			children = (
				972B37E91E09C09C0086A980 /* ForismaticApp.app */,
			);
			name = Products;
			sourceTree = "<group>";
		};
		972B37EB1E09C09C0086A980 /* ForismaticApp */ = {
			isa = PBXGroup;
			children = (
				972B37EC1E09C09C0086A980 /* AppDelegate.swift */,
				972B37EE1E09C09C0086A980 /* ViewController.swift */,
				972B37F01E09C09C0086A980 /* Main.storyboard */,
				972B37F31E09C09C0086A980 /* Assets.xcassets */,
				972B37F51E09C09C0086A980 /* LaunchScreen.storyboard */,
				972B37F81E09C09C0086A980 /* Info.plist */,
			);
			path = ForismaticApp;
			sourceTree = "<group>";
		};
/* End PBXGroup section */

/* Begin PBXNativeTarget section */
		972B37E81E09C09B0086A980 /* ForismaticApp */ = {
			isa = PBXNativeTarget;
			buildConfigurationList = 972B37FB1E09C09C0086A980 /* Build configuration list for PBXNativeTarget "ForismaticApp" */;
			buildPhases = (
				1C094E5B2FEACB62E766C03F /* [CP] Check Pods Manifest.lock */,
				972B37E51E09C09B0086A980 /* Sources */,
				972B37E61E09C09B0086A980 /* Frameworks */,
				972B37E71E09C09B0086A980 /* Resources */,
				BDC676208AA774DF91735748 /* [CP] Embed Pods Frameworks */,
				7F35880338B1BCEF2B4D1336 /* [CP] Copy Pods Resources */,
			);
			buildRules = (
			);
			dependencies = (
			);
			name = ForismaticApp;
			productName = ForismaticApp;
			productReference = 972B37E91E09C09C0086A980 /* ForismaticApp.app */;
			productType = "com.apple.product-type.application";
		};
/* End PBXNativeTarget section */

/* Begin PBXProject section */
		972B37E11E09C09B0086A980 /* Project object */ = {
			isa = PBXProject;
			attributes = {
				LastSwiftUpdateCheck = 0820;
				LastUpgradeCheck = 0820;
				ORGANIZATIONNAME = "Mikel Ereño";
				TargetAttributes = {
					972B37E81E09C09B0086A980 = {
						CreatedOnToolsVersion = 8.2.1;
						DevelopmentTeam = GLU2Z7NT53;
						ProvisioningStyle = Automatic;
					};
				};
			};
			buildConfigurationList = 972B37E41E09C09B0086A980 /* Build configuration list for PBXProject "ForismaticApp" */;
			compatibilityVersion = "Xcode 3.2";
			developmentRegion = English;
			hasScannedForEncodings = 0;
			knownRegions = (
				en,
				Base,
			);
			mainGroup = 972B37E01E09C09B0086A980;
			productRefGroup = 972B37EA1E09C09C0086A980 /* Products */;
			projectDirPath = "";
			projectRoot = "";
			targets = (
				972B37E81E09C09B0086A980 /* ForismaticApp */,
			);
		};
/* End PBXProject section */

/* Begin PBXResourcesBuildPhase section */
		972B37E71E09C09B0086A980 /* Resources */ = {
			isa = PBXResourcesBuildPhase;
			buildActionMask = 2147483647;
			files = (
				972B37F71E09C09C0086A980 /* LaunchScreen.storyboard in Resources */,
				972B37F41E09C09C0086A980 /* Assets.xcassets in Resources */,
				972B37F21E09C09C0086A980 /* Main.storyboard in Resources */,
			);
			runOnlyForDeploymentPostprocessing = 0;
		};
/* End PBXResourcesBuildPhase section */

/* Begin PBXShellScriptBuildPhase section */
		1C094E5B2FEACB62E766C03F /* [CP] Check Pods Manifest.lock */ = {
			isa = PBXShellScriptBuildPhase;
			buildActionMask = 2147483647;
			files = (
			);
			inputPaths = (
			);
			name = "[CP] Check Pods Manifest.lock";
			outputPaths = (
			);
			runOnlyForDeploymentPostprocessing = 0;
			shellPath = /bin/sh;
			shellScript = "diff \"${PODS_ROOT}/../Podfile.lock\" \"${PODS_ROOT}/Manifest.lock\" > /dev/null\nif [ $? != 0 ] ; then\n    # print error to STDERR\n    echo \"error: The sandbox is not in sync with the Podfile.lock. Run 'pod install' or update your CocoaPods installation.\" >&2\n    exit 1\nfi\n";
			showEnvVarsInLog = 0;
		};
		7F35880338B1BCEF2B4D1336 /* [CP] Copy Pods Resources */ = {
			isa = PBXShellScriptBuildPhase;
			buildActionMask = 2147483647;
			files = (
			);
			inputPaths = (
			);
			name = "[CP] Copy Pods Resources";
			outputPaths = (
			);
			runOnlyForDeploymentPostprocessing = 0;
			shellPath = /bin/sh;
			shellScript = "\"${SRCROOT}/Pods/Target Support Files/Pods-ForismaticApp/Pods-ForismaticApp-resources.sh\"\n";
			showEnvVarsInLog = 0;
		};
		BDC676208AA774DF91735748 /* [CP] Embed Pods Frameworks */ = {
			isa = PBXShellScriptBuildPhase;
			buildActionMask = 2147483647;
			files = (
			);
			inputPaths = (
			);
			name = "[CP] Embed Pods Frameworks";
			outputPaths = (
			);
			runOnlyForDeploymentPostprocessing = 0;
			shellPath = /bin/sh;
			shellScript = "\"${SRCROOT}/Pods/Target Support Files/Pods-ForismaticApp/Pods-ForismaticApp-frameworks.sh\"\n";
			showEnvVarsInLog = 0;
		};
/* End PBXShellScriptBuildPhase section */

/* Begin PBXSourcesBuildPhase section */
		972B37E51E09C09B0086A980 /* Sources */ = {
			isa = PBXSourcesBuildPhase;
			buildActionMask = 2147483647;
			files = (
				972B37EF1E09C09C0086A980 /* ViewController.swift in Sources */,
				972B37ED1E09C09C0086A980 /* AppDelegate.swift in Sources */,
			);
			runOnlyForDeploymentPostprocessing = 0;
		};
/* End PBXSourcesBuildPhase section */

/* Begin PBXVariantGroup section */
		972B37F01E09C09C0086A980 /* Main.storyboard */ = {
			isa = PBXVariantGroup;
			children = (
				972B37F11E09C09C0086A980 /* Base */,
			);
			name = Main.storyboard;
			sourceTree = "<group>";
		};
		972B37F51E09C09C0086A980 /* LaunchScreen.storyboard */ = {
			isa = PBXVariantGroup;
			children = (
				972B37F61E09C09C0086A980 /* Base */,
			);
			name = LaunchScreen.storyboard;
			sourceTree = "<group>";
		};
/* End PBXVariantGroup section */

/* Begin XCBuildConfiguration section */
		972B37F91E09C09C0086A980 /* Debug */ = {
			isa = XCBuildConfiguration;
			buildSettings = {
				ALWAYS_SEARCH_USER_PATHS = NO;
				CLANG_ANALYZER_NONNULL = YES;
				CLANG_CXX_LANGUAGE_STANDARD = "gnu++0x";
				CLANG_CXX_LIBRARY = "libc++";
				CLANG_ENABLE_MODULES = YES;
				CLANG_ENABLE_OBJC_ARC = YES;
				CLANG_WARN_BOOL_CONVERSION = YES;
				CLANG_WARN_CONSTANT_CONVERSION = YES;
				CLANG_WARN_DIRECT_OBJC_ISA_USAGE = YES_ERROR;
				CLANG_WARN_DOCUMENTATION_COMMENTS = YES;
				CLANG_WARN_EMPTY_BODY = YES;
				CLANG_WARN_ENUM_CONVERSION = YES;
				CLANG_WARN_INFINITE_RECURSION = YES;
				CLANG_WARN_INT_CONVERSION = YES;
				CLANG_WARN_OBJC_ROOT_CLASS = YES_ERROR;
				CLANG_WARN_SUSPICIOUS_MOVE = YES;
				CLANG_WARN_UNREACHABLE_CODE = YES;
				CLANG_WARN__DUPLICATE_METHOD_MATCH = YES;
				"CODE_SIGN_IDENTITY[sdk=iphoneos*]" = "iPhone Developer";
				COPY_PHASE_STRIP = NO;
				DEBUG_INFORMATION_FORMAT = dwarf;
				ENABLE_STRICT_OBJC_MSGSEND = YES;
				ENABLE_TESTABILITY = YES;
				GCC_C_LANGUAGE_STANDARD = gnu99;
				GCC_DYNAMIC_NO_PIC = NO;
				GCC_NO_COMMON_BLOCKS = YES;
				GCC_OPTIMIZATION_LEVEL = 0;
				GCC_PREPROCESSOR_DEFINITIONS = (
					"DEBUG=1",
					"$(inherited)",
				);
				GCC_WARN_64_TO_32_BIT_CONVERSION = YES;
				GCC_WARN_ABOUT_RETURN_TYPE = YES_ERROR;
				GCC_WARN_UNDECLARED_SELECTOR = YES;
				GCC_WARN_UNINITIALIZED_AUTOS = YES_AGGRESSIVE;
				GCC_WARN_UNUSED_FUNCTION = YES;
				GCC_WARN_UNUSED_VARIABLE = YES;
				IPHONEOS_DEPLOYMENT_TARGET = 10.2;
				MTL_ENABLE_DEBUG_INFO = YES;
				ONLY_ACTIVE_ARCH = YES;
				SDKROOT = iphoneos;
				SWIFT_ACTIVE_COMPILATION_CONDITIONS = DEBUG;
				SWIFT_OPTIMIZATION_LEVEL = "-Onone";
			};
			name = Debug;
		};
		972B37FA1E09C09C0086A980 /* Release */ = {
			isa = XCBuildConfiguration;
			buildSettings = {
				ALWAYS_SEARCH_USER_PATHS = NO;
				CLANG_ANALYZER_NONNULL = YES;
				CLANG_CXX_LANGUAGE_STANDARD = "gnu++0x";
				CLANG_CXX_LIBRARY = "libc++";
				CLANG_ENABLE_MODULES = YES;
				CLANG_ENABLE_OBJC_ARC = YES;
				CLANG_WARN_BOOL_CONVERSION = YES;
				CLANG_WARN_CONSTANT_CONVERSION = YES;
				CLANG_WARN_DIRECT_OBJC_ISA_USAGE = YES_ERROR;
				CLANG_WARN_DOCUMENTATION_COMMENTS = YES;
				CLANG_WARN_EMPTY_BODY = YES;
				CLANG_WARN_ENUM_CONVERSION = YES;
				CLANG_WARN_INFINITE_RECURSION = YES;
				CLANG_WARN_INT_CONVERSION = YES;
				CLANG_WARN_OBJC_ROOT_CLASS = YES_ERROR;
				CLANG_WARN_SUSPICIOUS_MOVE = YES;
				CLANG_WARN_UNREACHABLE_CODE = YES;
				CLANG_WARN__DUPLICATE_METHOD_MATCH = YES;
				"CODE_SIGN_IDENTITY[sdk=iphoneos*]" = "iPhone Developer";
				COPY_PHASE_STRIP = NO;
				DEBUG_INFORMATION_FORMAT = "dwarf-with-dsym";
				ENABLE_NS_ASSERTIONS = NO;
				ENABLE_STRICT_OBJC_MSGSEND = YES;
				GCC_C_LANGUAGE_STANDARD = gnu99;
				GCC_NO_COMMON_BLOCKS = YES;
				GCC_WARN_64_TO_32_BIT_CONVERSION = YES;
				GCC_WARN_ABOUT_RETURN_TYPE = YES_ERROR;
				GCC_WARN_UNDECLARED_SELECTOR = YES;
				GCC_WARN_UNINITIALIZED_AUTOS = YES_AGGRESSIVE;
				GCC_WARN_UNUSED_FUNCTION = YES;
				GCC_WARN_UNUSED_VARIABLE = YES;
				IPHONEOS_DEPLOYMENT_TARGET = 10.2;
				MTL_ENABLE_DEBUG_INFO = NO;
				SDKROOT = iphoneos;
				SWIFT_OPTIMIZATION_LEVEL = "-Owholemodule";
				VALIDATE_PRODUCT = YES;
			};
			name = Release;
		};
		972B37FC1E09C09C0086A980 /* Debug */ = {
			isa = XCBuildConfiguration;
			baseConfigurationReference = 3CB41319128120F355584A52 /* Pods-ForismaticApp.debug.xcconfig */;
			buildSettings = {
				ASSETCATALOG_COMPILER_APPICON_NAME = AppIcon;
				DEVELOPMENT_TEAM = GLU2Z7NT53;
				INFOPLIST_FILE = ForismaticApp/Info.plist;
				LD_RUNPATH_SEARCH_PATHS = "$(inherited) @executable_path/Frameworks";
				PRODUCT_BUNDLE_IDENTIFIER = com.MikelEreno.ForismaticApp;
				PRODUCT_NAME = "$(TARGET_NAME)";
				SWIFT_VERSION = 3.0;
			};
			name = Debug;
		};
		972B37FD1E09C09C0086A980 /* Release */ = {
			isa = XCBuildConfiguration;
			baseConfigurationReference = B09A18510C7D9906009F327F /* Pods-ForismaticApp.release.xcconfig */;
			buildSettings = {
				ASSETCATALOG_COMPILER_APPICON_NAME = AppIcon;
				DEVELOPMENT_TEAM = GLU2Z7NT53;
				INFOPLIST_FILE = ForismaticApp/Info.plist;
				LD_RUNPATH_SEARCH_PATHS = "$(inherited) @executable_path/Frameworks";
				PRODUCT_BUNDLE_IDENTIFIER = com.MikelEreno.ForismaticApp;
				PRODUCT_NAME = "$(TARGET_NAME)";
				SWIFT_VERSION = 3.0;
			};
			name = Release;
		};
/* End XCBuildConfiguration section */

/* Begin XCConfigurationList section */
		972B37E41E09C09B0086A980 /* Build configuration list for PBXProject "ForismaticApp" */ = {
			isa = XCConfigurationList;
			buildConfigurations = (
				972B37F91E09C09C0086A980 /* Debug */,
				972B37FA1E09C09C0086A980 /* Release */,
			);
			defaultConfigurationIsVisible = 0;
			defaultConfigurationName = Release;
		};
		972B37FB1E09C09C0086A980 /* Build configuration list for PBXNativeTarget "ForismaticApp" */ = {
			isa = XCConfigurationList;
			buildConfigurations = (
				972B37FC1E09C09C0086A980 /* Debug */,
				972B37FD1E09C09C0086A980 /* Release */,
			);
			defaultConfigurationIsVisible = 0;
			defaultConfigurationName = Release;
		};
/* End XCConfigurationList section */
	};
	rootObject = 972B37E11E09C09B0086A980 /* Project object */;
}
